PODS:
  - Kingfisher (4.10.0)
  - MGExtensionSwift (1.0.0)
  - MGUtilsSwift (1.0.1):
    - Kingfisher (~> 4.10.0)
    - ReachabilitySwift
  - R.swift (5.0.0.alpha.2):
    - R.swift.Library (~> 5.0.0.alpha.2)
  - R.swift.Library (5.0.0.alpha.2)
  - ReachabilitySwift (4.2.1)
  - SwiftyJSON (4.2.0)

DEPENDENCIES:
  - MGExtensionSwift
  - MGUtilsSwift
  - R.swift (~> 5.0.0.alpha.2)
  - SwiftyJSON (~> 4.2.0)

SPEC REPOS:
  https://github.com/cocoapods/specs.git:
    - Kingfisher
    - MGExtensionSwift
    - MGUtilsSwift
    - R.swift
    - R.swift.Library
    - ReachabilitySwift
    - SwiftyJSON

SPEC CHECKSUMS:
  Kingfisher: 43c4b802d8b5256cf1f4379e9cd10b329be6d3e2
  MGExtensionSwift: f2706dbfb1e0dfeade0defcdd9271736b2fcf009
  MGUtilsSwift: 15559257c8db911b2ea27ac02f7a7754861270b3
  R.swift: 31fa1bd537fa81307815cc622122f33331f32174
  R.swift.Library: 3c21b823839bf5a6769dc7f96cb44479dab51b1b
  ReachabilitySwift: 35720ffea59c1c76d15f885be77fd33e33985427
  SwiftyJSON: c4bcba26dd9ec7a027fc8eade48e2c911f229e96

PODFILE CHECKSUM: 0ec8f37b13a57faf7ac14443e5016a05d5e505f7

COCOAPODS: 1.5.3
